
Microsoft Visual Studio Solution File, Format Version 12.00
# Visual Studio 15
VisualStudioVersion = 15.0.28010.2003
MinimumVisualStudioVersion = 10.0.40219.1
Project("{FAE04EC0-301F-11D3-BF4B-00C04F79EFBC}") = "CustomerOrders.WebAPI", "CustomerOrders.WebAPI\CustomerOrders.WebAPI.csproj", "{9B2247B9-9D0B-4F54-9D10-72AFF8A802CD}"
EndProject
Project("{FAE04EC0-301F-11D3-BF4B-00C04F79EFBC}") = "CustomerOrders.WebAPI.Tests", "CustomerOrders.WebAPI.Tests\CustomerOrders.WebAPI.Tests.csproj", "{C7FF785A-E01A-46A3-9F46-541CBE3E3E3A}"
EndProject
Global
	GlobalSection(SolutionConfigurationPlatforms) = preSolution
		Debug|Any CPU = Debug|Any CPU
		Release|Any CPU = Release|Any CPU
	EndGlobalSection
	GlobalSection(ProjectConfigurationPlatforms) = postSolution
		{9B2247B9-9D0B-4F54-9D10-72AFF8A802CD}.Debug|Any CPU.ActiveCfg = Debug|Any CPU
		{9B2247B9-9D0B-4F54-9D10-72AFF8A802CD}.Debug|Any CPU.Build.0 = Debug|Any CPU
		{9B2247B9-9D0B-4F54-9D10-72AFF8A802CD}.Release|Any CPU.ActiveCfg = Release|Any CPU
		{9B2247B9-9D0B-4F54-9D10-72AFF8A802CD}.Release|Any CPU.Build.0 = Release|Any CPU
		{C7FF785A-E01A-46A3-9F46-541CBE3E3E3A}.Debug|Any CPU.ActiveCfg = Debug|Any CPU
		{C7FF785A-E01A-46A3-9F46-541CBE3E3E3A}.Debug|Any CPU.Build.0 = Debug|Any CPU
		{C7FF785A-E01A-46A3-9F46-541CBE3E3E3A}.Release|Any CPU.ActiveCfg = Release|Any CPU
		{C7FF785A-E01A-46A3-9F46-541CBE3E3E3A}.Release|Any CPU.Build.0 = Release|Any CPU
	EndGlobalSection
	GlobalSection(SolutionProperties) = preSolution
		HideSolutionNode = FALSE
	EndGlobalSection
	GlobalSection(ExtensibilityGlobals) = postSolution
		SolutionGuid = {DA38D374-7CE1-4BAD-9F0A-F5240183E2C9}
	EndGlobalSection
EndGlobal
